{
	"name": "public",
	"lockfileVersion": 3,
	"requires": true,
	"packages": {
		"": {
			"dependencies": {
				"@fancyapps/ui": "^5.0.36",
				"swiper": "^11.1.14",
				"tinymce": "^7.4.1"
			}
		},
		"node_modules/@fancyapps/ui": {
			"version": "5.0.36",
			"resolved": "https://registry.npmjs.org/@fancyapps/ui/-/ui-5.0.36.tgz",
			"integrity": "sha512-GMygQzp1MBTFNTT6AzpbL6pXTD6bTxwjmmpI1fe8Ozmmiseu8/g82Sudl1YhcbZmS4bJgaBOF5THDFGpXQ1fDw=="
		},
		"node_modules/swiper": {
			"version": "11.1.14",
			"resolved": "https://registry.npmjs.org/swiper/-/swiper-11.1.14.tgz",
			"integrity": "sha512-VbQLQXC04io6AoAjIUWuZwW4MSYozkcP9KjLdrsG/00Q/yiwvhz9RQyt0nHXV10hi9NVnDNy1/wv7Dzq1lkOCQ==",
			"funding": [
				{
					"type": "patreon",
					"url": "https://www.patreon.com/swiperjs"
				},
				{
					"type": "open_collective",
					"url": "http://opencollective.com/swiper"
				}
			],
			"engines": {
				"node": ">= 4.7.0"
			}
		},
		"node_modules/tinymce": {
			"version": "7.4.1",
			"resolved": "https://registry.npmjs.org/tinymce/-/tinymce-7.4.1.tgz",
			"integrity": "sha512-g1Ieaio5YU+jLEQZkQyxTT8EY/im+TC/CFBPlqDBCNdsF8YQOeLMot+K6vmFOAXhNc85KhP1rC9Dn2X+iBFDGg=="
		}
	}
}
